// !$*UTF8*$!
{
	archiveVersion = 1;
	classes = {
	};
	objectVersion = 39;
	objects = {
		45B624630802F1E200CBFD9A = {
			children = (
				45B6246D0802F20D00CBFD9A,
				45B6247D0802F85B00CBFD9A,
				45B6247A0802F84500CBFD9A,
				45B6246E0802F20D00CBFD9A,
				45B6246F0802F20D00CBFD9A,
			);
			isa = PBXGroup;
			refType = 4;
			sourceTree = "<group>";
		};
		45B624650802F1E200CBFD9A = {
			buildSettings = {
				COPY_PHASE_STRIP = NO;
			};
			isa = PBXBuildStyle;
			name = Development;
		};
		45B624660802F1E200CBFD9A = {
			buildSettings = {
				COPY_PHASE_STRIP = YES;
			};
			isa = PBXBuildStyle;
			name = Deployment;
		};
		45B624670802F1E200CBFD9A = {
			buildSettings = {
			};
			buildStyles = (
				45B624650802F1E200CBFD9A,
				45B624660802F1E200CBFD9A,
			);
			hasScannedForEncodings = 0;
			isa = PBXProject;
			mainGroup = 45B624630802F1E200CBFD9A;
			projectDirPath = "";
			targets = (
			);
		};
		45B6246D0802F20D00CBFD9A = {
			fileEncoding = 4;
			isa = PBXFileReference;
			lastKnownFileType = sourcecode.c.c;
			name = gnutls_cache.c;
			path = src/gnutls_cache.c;
			refType = 2;
			sourceTree = SOURCE_ROOT;
		};
		45B6246E0802F20D00CBFD9A = {
			fileEncoding = 4;
			isa = PBXFileReference;
			lastKnownFileType = sourcecode.c.c;
			name = gnutls_io.c;
			path = src/gnutls_io.c;
			refType = 2;
			sourceTree = SOURCE_ROOT;
		};
		45B6246F0802F20D00CBFD9A = {
			fileEncoding = 4;
			isa = PBXFileReference;
			lastKnownFileType = sourcecode.c.c;
			name = mod_gnutls.c;
			path = src/mod_gnutls.c;
			refType = 2;
			sourceTree = SOURCE_ROOT;
		};
		45B6247A0802F84500CBFD9A = {
			fileEncoding = 4;
			isa = PBXFileReference;
			lastKnownFileType = sourcecode.c.h;
			name = mod_gnutls.h;
			path = include/mod_gnutls.h;
			refType = 2;
			sourceTree = SOURCE_ROOT;
		};
		45B6247D0802F85B00CBFD9A = {
			fileEncoding = 4;
			isa = PBXFileReference;
			lastKnownFileType = text;
			name = mod_gnutls.h.in;
			path = include/mod_gnutls.h.in;
			refType = 2;
			sourceTree = SOURCE_ROOT;
		};
	};
	rootObject = 45B624670802F1E200CBFD9A;
}
